
Microsoft Visual Studio Solution File, Format Version 12.00
# Visual Studio Version 16
VisualStudioVersion = 16.0.33423.256
MinimumVisualStudioVersion = 10.0.40219.1
Project("{FAE04EC0-301F-11D3-BF4B-00C04F79EFBC}") = "RecurrentMaintenance", "RecurrentMaintenance\RecurrentMaintenance.csproj", "{F0F1D1A3-8041-4819-AA89-150D7692CA01}"
EndProject
Global
	GlobalSection(SolutionConfigurationPlatforms) = preSolution
		Debug|Any CPU = Debug|Any CPU
		Release|Any CPU = Release|Any CPU
	EndGlobalSection
	GlobalSection(ProjectConfigurationPlatforms) = postSolution
		{F0F1D1A3-8041-4819-AA89-150D7692CA01}.Debug|Any CPU.ActiveCfg = Debug|Any CPU
		{F0F1D1A3-8041-4819-AA89-150D7692CA01}.Debug|Any CPU.Build.0 = Debug|Any CPU
		{F0F1D1A3-8041-4819-AA89-150D7692CA01}.Release|Any CPU.ActiveCfg = Release|Any CPU
		{F0F1D1A3-8041-4819-AA89-150D7692CA01}.Release|Any CPU.Build.0 = Release|Any CPU
	EndGlobalSection
	GlobalSection(SolutionProperties) = preSolution
		HideSolutionNode = FALSE
	EndGlobalSection
	GlobalSection(ExtensibilityGlobals) = postSolution
		SolutionGuid = {A1D81389-47E6-44C0-BE9A-BE1BE7205612}
	EndGlobalSection
EndGlobal
